
Microsoft Visual Studio Solution File, Format Version 12.00
# Visual Studio 15
VisualStudioVersion = 15.0.27130.2010
MinimumVisualStudioVersion = 10.0.40219.1
Project("{FAE04EC0-301F-11D3-BF4B-00C04F79EFBC}") = "Homework6", "Homework6\Homework6.csproj", "{134017B9-5187-45AB-A547-D2780EE51748}"
EndProject
Global
	GlobalSection(SolutionConfigurationPlatforms) = preSolution
		Debug|Any CPU = Debug|Any CPU
		Release|Any CPU = Release|Any CPU
	EndGlobalSection
	GlobalSection(ProjectConfigurationPlatforms) = postSolution
		{134017B9-5187-45AB-A547-D2780EE51748}.Debug|Any CPU.ActiveCfg = Debug|Any CPU
		{134017B9-5187-45AB-A547-D2780EE51748}.Debug|Any CPU.Build.0 = Debug|Any CPU
		{134017B9-5187-45AB-A547-D2780EE51748}.Release|Any CPU.ActiveCfg = Release|Any CPU
		{134017B9-5187-45AB-A547-D2780EE51748}.Release|Any CPU.Build.0 = Release|Any CPU
	EndGlobalSection
	GlobalSection(SolutionProperties) = preSolution
		HideSolutionNode = FALSE
	EndGlobalSection
	GlobalSection(ExtensibilityGlobals) = postSolution
		SolutionGuid = {E1E8F26F-9A75-4991-9E9B-B6A20941F9D0}
	EndGlobalSection
EndGlobal
